// !$*UTF8*$!
{
	archiveVersion = 1;
	classes = {
	};
	objectVersion = 50;
	objects = {

/* Begin PBXBuildFile section */
		2889C440217B530C0059F16B /* Storable.swift in Sources */ = {isa = PBXBuildFile; fileRef = 2889C43F217B530C0059F16B /* Storable.swift */; };
		2889C442217B53BA0059F16B /* StorageContext.swift in Sources */ = {isa = PBXBuildFile; fileRef = 2889C441217B53BA0059F16B /* StorageContext.swift */; };
		2889C446217B571B0059F16B /* NSManagedObjectContext+StorageContext.swift in Sources */ = {isa = PBXBuildFile; fileRef = 2889C445217B571B0059F16B /* NSManagedObjectContext+StorageContext.swift */; };
		2889C448217B59090059F16B /* Errors.swift in Sources */ = {isa = PBXBuildFile; fileRef = 2889C447217B59090059F16B /* Errors.swift */; };
		2889C452217DDA060059F16B /* ResultsController.swift in Sources */ = {isa = PBXBuildFile; fileRef = 2889C451217DDA060059F16B /* ResultsController.swift */; };
		2889C456217DDA770059F16B /* RealmResultsController.swift in Sources */ = {isa = PBXBuildFile; fileRef = 2889C455217DDA770059F16B /* RealmResultsController.swift */; };
		2889C458217DDB940059F16B /* CoreDataResultsController.swift in Sources */ = {isa = PBXBuildFile; fileRef = 2889C457217DDB940059F16B /* CoreDataResultsController.swift */; };
		6B00FB7D217721F500F39536 /* UserType.swift in Sources */ = {isa = PBXBuildFile; fileRef = 6B00FB7C217721F500F39536 /* UserType.swift */; };
		6B00FB7F2177221D00F39536 /* User+UserType.swift in Sources */ = {isa = PBXBuildFile; fileRef = 6B00FB7E2177221D00F39536 /* User+UserType.swift */; };
		6B1E5F3E217475BF00950DC5 /* AppDelegate.swift in Sources */ = {isa = PBXBuildFile; fileRef = 6B1E5F3D217475BF00950DC5 /* AppDelegate.swift */; };
		6B1E5F41217475BF00950DC5 /* DataLayer.xcdatamodeld in Sources */ = {isa = PBXBuildFile; fileRef = 6B1E5F3F217475BF00950DC5 /* DataLayer.xcdatamodeld */; };
		6B1E5F43217475BF00950DC5 /* MasterViewController.swift in Sources */ = {isa = PBXBuildFile; fileRef = 6B1E5F42217475BF00950DC5 /* MasterViewController.swift */; };
		6B1E5F45217475BF00950DC5 /* DetailViewController.swift in Sources */ = {isa = PBXBuildFile; fileRef = 6B1E5F44217475BF00950DC5 /* DetailViewController.swift */; };
		6B1E5F48217475BF00950DC5 /* Main.storyboard in Resources */ = {isa = PBXBuildFile; fileRef = 6B1E5F46217475BF00950DC5 /* Main.storyboard */; };
		6B1E5F4A217475C200950DC5 /* Assets.xcassets in Resources */ = {isa = PBXBuildFile; fileRef = 6B1E5F49217475C200950DC5 /* Assets.xcassets */; };
		6B1E5F4D217475C200950DC5 /* LaunchScreen.storyboard in Resources */ = {isa = PBXBuildFile; fileRef = 6B1E5F4B217475C200950DC5 /* LaunchScreen.storyboard */; };
		6B1E5F58217475C200950DC5 /* DataLayerTests.swift in Sources */ = {isa = PBXBuildFile; fileRef = 6B1E5F57217475C200950DC5 /* DataLayerTests.swift */; };
		6B1E5F632174764600950DC5 /* DataLayer.swift in Sources */ = {isa = PBXBuildFile; fileRef = 6B1E5F622174764600950DC5 /* DataLayer.swift */; };
		6B1E5F65217476C500950DC5 /* EventType.swift in Sources */ = {isa = PBXBuildFile; fileRef = 6B1E5F64217476C500950DC5 /* EventType.swift */; };
		6B1E5F672174773100950DC5 /* Event+EventType.swift in Sources */ = {isa = PBXBuildFile; fileRef = 6B1E5F662174773100950DC5 /* Event+EventType.swift */; };
		6B1E5F692174787C00950DC5 /* CoreDataDataLayer.swift in Sources */ = {isa = PBXBuildFile; fileRef = 6B1E5F682174787C00950DC5 /* CoreDataDataLayer.swift */; };
/* End PBXBuildFile section */

/* Begin PBXContainerItemProxy section */
		6B1E5F54217475C200950DC5 /* PBXContainerItemProxy */ = {
			isa = PBXContainerItemProxy;
			containerPortal = 6B1E5F32217475BF00950DC5 /* Project object */;
			proxyType = 1;
			remoteGlobalIDString = 6B1E5F39217475BF00950DC5;
			remoteInfo = DataLayer;
		};
/* End PBXContainerItemProxy section */

/* Begin PBXFileReference section */
		2889C43F217B530C0059F16B /* Storable.swift */ = {isa = PBXFileReference; lastKnownFileType = sourcecode.swift; path = Storable.swift; sourceTree = "<group>"; };
		2889C441217B53BA0059F16B /* StorageContext.swift */ = {isa = PBXFileReference; lastKnownFileType = sourcecode.swift; path = StorageContext.swift; sourceTree = "<group>"; };
		2889C445217B571B0059F16B /* NSManagedObjectContext+StorageContext.swift */ = {isa = PBXFileReference; lastKnownFileType = sourcecode.swift; path = "NSManagedObjectContext+StorageContext.swift"; sourceTree = "<group>"; };
		2889C447217B59090059F16B /* Errors.swift */ = {isa = PBXFileReference; lastKnownFileType = sourcecode.swift; path = Errors.swift; sourceTree = "<group>"; };
		2889C451217DDA060059F16B /* ResultsController.swift */ = {isa = PBXFileReference; lastKnownFileType = sourcecode.swift; path = ResultsController.swift; sourceTree = "<group>"; };
		2889C455217DDA770059F16B /* RealmResultsController.swift */ = {isa = PBXFileReference; lastKnownFileType = sourcecode.swift; path = RealmResultsController.swift; sourceTree = "<group>"; };
		2889C457217DDB940059F16B /* CoreDataResultsController.swift */ = {isa = PBXFileReference; lastKnownFileType = sourcecode.swift; path = CoreDataResultsController.swift; sourceTree = "<group>"; };
		6B00FB7C217721F500F39536 /* UserType.swift */ = {isa = PBXFileReference; lastKnownFileType = sourcecode.swift; path = UserType.swift; sourceTree = "<group>"; };
		6B00FB7E2177221D00F39536 /* User+UserType.swift */ = {isa = PBXFileReference; lastKnownFileType = sourcecode.swift; path = "User+UserType.swift"; sourceTree = "<group>"; };
		6B0F55752178E0ED00CCDF5D /* DataLayer 3.xcdatamodel */ = {isa = PBXFileReference; lastKnownFileType = wrapper.xcdatamodel; path = "DataLayer 3.xcdatamodel"; sourceTree = "<group>"; };
		6B1E5F3A217475BF00950DC5 /* DataLayer.app */ = {isa = PBXFileReference; explicitFileType = wrapper.application; includeInIndex = 0; path = DataLayer.app; sourceTree = BUILT_PRODUCTS_DIR; };
		6B1E5F3D217475BF00950DC5 /* AppDelegate.swift */ = {isa = PBXFileReference; lastKnownFileType = sourcecode.swift; path = AppDelegate.swift; sourceTree = "<group>"; };
		6B1E5F40217475BF00950DC5 /* DataLayer.xcdatamodel */ = {isa = PBXFileReference; lastKnownFileType = wrapper.xcdatamodel; path = DataLayer.xcdatamodel; sourceTree = "<group>"; };
		6B1E5F42217475BF00950DC5 /* MasterViewController.swift */ = {isa = PBXFileReference; lastKnownFileType = sourcecode.swift; path = MasterViewController.swift; sourceTree = "<group>"; };
		6B1E5F44217475BF00950DC5 /* DetailViewController.swift */ = {isa = PBXFileReference; lastKnownFileType = sourcecode.swift; path = DetailViewController.swift; sourceTree = "<group>"; };
		6B1E5F47217475BF00950DC5 /* Base */ = {isa = PBXFileReference; lastKnownFileType = file.storyboard; name = Base; path = Base.lproj/Main.storyboard; sourceTree = "<group>"; };
		6B1E5F49217475C200950DC5 /* Assets.xcassets */ = {isa = PBXFileReference; lastKnownFileType = folder.assetcatalog; path = Assets.xcassets; sourceTree = "<group>"; };
		6B1E5F4C217475C200950DC5 /* Base */ = {isa = PBXFileReference; lastKnownFileType = file.storyboard; name = Base; path = Base.lproj/LaunchScreen.storyboard; sourceTree = "<group>"; };
		6B1E5F4E217475C200950DC5 /* Info.plist */ = {isa = PBXFileReference; lastKnownFileType = text.plist.xml; path = Info.plist; sourceTree = "<group>"; };
		6B1E5F53217475C200950DC5 /* DataLayerTests.xctest */ = {isa = PBXFileReference; explicitFileType = wrapper.cfbundle; includeInIndex = 0; path = DataLayerTests.xctest; sourceTree = BUILT_PRODUCTS_DIR; };
		6B1E5F57217475C200950DC5 /* DataLayerTests.swift */ = {isa = PBXFileReference; lastKnownFileType = sourcecode.swift; path = DataLayerTests.swift; sourceTree = "<group>"; };
		6B1E5F59217475C200950DC5 /* Info.plist */ = {isa = PBXFileReference; lastKnownFileType = text.plist.xml; path = Info.plist; sourceTree = "<group>"; };
		6B1E5F622174764600950DC5 /* DataLayer.swift */ = {isa = PBXFileReference; lastKnownFileType = sourcecode.swift; path = DataLayer.swift; sourceTree = "<group>"; };
		6B1E5F64217476C500950DC5 /* EventType.swift */ = {isa = PBXFileReference; lastKnownFileType = sourcecode.swift; path = EventType.swift; sourceTree = "<group>"; };
		6B1E5F662174773100950DC5 /* Event+EventType.swift */ = {isa = PBXFileReference; lastKnownFileType = sourcecode.swift; path = "Event+EventType.swift"; sourceTree = "<group>"; };
		6B1E5F682174787C00950DC5 /* CoreDataDataLayer.swift */ = {isa = PBXFileReference; lastKnownFileType = sourcecode.swift; path = CoreDataDataLayer.swift; sourceTree = "<group>"; };
		6B4C74BC21771D1400198A73 /* DataLayer 2.xcdatamodel */ = {isa = PBXFileReference; lastKnownFileType = wrapper.xcdatamodel; path = "DataLayer 2.xcdatamodel"; sourceTree = "<group>"; };
/* End PBXFileReference section */

/* Begin PBXFrameworksBuildPhase section */
		6B1E5F37217475BF00950DC5 /* Frameworks */ = {
			isa = PBXFrameworksBuildPhase;
			buildActionMask = 2147483647;
			files = (
			);
			runOnlyForDeploymentPostprocessing = 0;
		};
		6B1E5F50217475C200950DC5 /* Frameworks */ = {
			isa = PBXFrameworksBuildPhase;
			buildActionMask = 2147483647;
			files = (
			);
			runOnlyForDeploymentPostprocessing = 0;
		};
/* End PBXFrameworksBuildPhase section */

/* Begin PBXGroup section */
		2889C43E217B52AD0059F16B /* UI */ = {
			isa = PBXGroup;
			children = (
				6B1E5F42217475BF00950DC5 /* MasterViewController.swift */,
				6B1E5F44217475BF00950DC5 /* DetailViewController.swift */,
			);
			path = UI;
			sourceTree = "<group>";
		};
		2889C443217B542F0059F16B /* Persistence (Storable object & context) */ = {
			isa = PBXGroup;
			children = (
				2889C43F217B530C0059F16B /* Storable.swift */,
				2889C441217B53BA0059F16B /* StorageContext.swift */,
				2889C445217B571B0059F16B /* NSManagedObjectContext+StorageContext.swift */,
			);
			path = "Persistence (Storable object & context)";
			sourceTree = "<group>";
		};
		2889C444217B54F70059F16B /* Data Layer */ = {
			isa = PBXGroup;
			children = (
				6B1E5F622174764600950DC5 /* DataLayer.swift */,
				6B1E5F682174787C00950DC5 /* CoreDataDataLayer.swift */,
			);
			path = "Data Layer";
			sourceTree = "<group>";
		};
		2889C449217DC16E0059F16B /* Model */ = {
			isa = PBXGroup;
			children = (
				6B1E5F64217476C500950DC5 /* EventType.swift */,
				6B00FB7C217721F500F39536 /* UserType.swift */,
				6B1E5F6A2174841100950DC5 /* Core Data */,
			);
			path = Model;
			sourceTree = "<group>";
		};
		2889C44B217DC5A20059F16B /* Persistence */ = {
			isa = PBXGroup;
			children = (
				2889C444217B54F70059F16B /* Data Layer */,
				2889C45A217E04F80059F16B /* ResultsController (VC) */,
				2889C449217DC16E0059F16B /* Model */,
				2889C443217B542F0059F16B /* Persistence (Storable object & context) */,
			);
			path = Persistence;
			sourceTree = "<group>";
		};
		2889C45A217E04F80059F16B /* ResultsController (VC) */ = {
			isa = PBXGroup;
			children = (
				2889C451217DDA060059F16B /* ResultsController.swift */,
				2889C457217DDB940059F16B /* CoreDataResultsController.swift */,
				2889C455217DDA770059F16B /* RealmResultsController.swift */,
			);
			path = "ResultsController (VC)";
			sourceTree = "<group>";
		};
		6B1E5F31217475BF00950DC5 = {
			isa = PBXGroup;
			children = (
				6B1E5F3C217475BF00950DC5 /* DataLayer */,
				6B1E5F56217475C200950DC5 /* DataLayerTests */,
				6B1E5F3B217475BF00950DC5 /* Products */,
			);
			sourceTree = "<group>";
		};
		6B1E5F3B217475BF00950DC5 /* Products */ = {
			isa = PBXGroup;
			children = (
				6B1E5F3A217475BF00950DC5 /* DataLayer.app */,
				6B1E5F53217475C200950DC5 /* DataLayerTests.xctest */,
			);
			name = Products;
			sourceTree = "<group>";
		};
		6B1E5F3C217475BF00950DC5 /* DataLayer */ = {
			isa = PBXGroup;
			children = (
				2889C43E217B52AD0059F16B /* UI */,
				2889C44B217DC5A20059F16B /* Persistence */,
				6B1E5F3D217475BF00950DC5 /* AppDelegate.swift */,
				2889C447217B59090059F16B /* Errors.swift */,
				6B1E5F46217475BF00950DC5 /* Main.storyboard */,
				6B1E5F49217475C200950DC5 /* Assets.xcassets */,
				6B1E5F4B217475C200950DC5 /* LaunchScreen.storyboard */,
				6B1E5F4E217475C200950DC5 /* Info.plist */,
				6B1E5F3F217475BF00950DC5 /* DataLayer.xcdatamodeld */,
			);
			path = DataLayer;
			sourceTree = "<group>";
		};
		6B1E5F56217475C200950DC5 /* DataLayerTests */ = {
			isa = PBXGroup;
			children = (
				6B1E5F57217475C200950DC5 /* DataLayerTests.swift */,
				6B1E5F59217475C200950DC5 /* Info.plist */,
			);
			path = DataLayerTests;
			sourceTree = "<group>";
		};
		6B1E5F6A2174841100950DC5 /* Core Data */ = {
			isa = PBXGroup;
			children = (
				6B1E5F662174773100950DC5 /* Event+EventType.swift */,
				6B00FB7E2177221D00F39536 /* User+UserType.swift */,
			);
			path = "Core Data";
			sourceTree = "<group>";
		};
/* End PBXGroup section */

/* Begin PBXNativeTarget section */
		6B1E5F39217475BF00950DC5 /* DataLayer */ = {
			isa = PBXNativeTarget;
			buildConfigurationList = 6B1E5F5C217475C200950DC5 /* Build configuration list for PBXNativeTarget "DataLayer" */;
			buildPhases = (
				6B1E5F36217475BF00950DC5 /* Sources */,
				6B1E5F37217475BF00950DC5 /* Frameworks */,
				6B1E5F38217475BF00950DC5 /* Resources */,
			);
			buildRules = (
			);
			dependencies = (
			);
			name = DataLayer;
			productName = DataLayer;
			productReference = 6B1E5F3A217475BF00950DC5 /* DataLayer.app */;
			productType = "com.apple.product-type.application";
		};
		6B1E5F52217475C200950DC5 /* DataLayerTests */ = {
			isa = PBXNativeTarget;
			buildConfigurationList = 6B1E5F5F217475C200950DC5 /* Build configuration list for PBXNativeTarget "DataLayerTests" */;
			buildPhases = (
				6B1E5F4F217475C200950DC5 /* Sources */,
				6B1E5F50217475C200950DC5 /* Frameworks */,
				6B1E5F51217475C200950DC5 /* Resources */,
			);
			buildRules = (
			);
			dependencies = (
				6B1E5F55217475C200950DC5 /* PBXTargetDependency */,
			);
			name = DataLayerTests;
			productName = DataLayerTests;
			productReference = 6B1E5F53217475C200950DC5 /* DataLayerTests.xctest */;
			productType = "com.apple.product-type.bundle.unit-test";
		};
/* End PBXNativeTarget section */

/* Begin PBXProject section */
		6B1E5F32217475BF00950DC5 /* Project object */ = {
			isa = PBXProject;
			attributes = {
				LastSwiftUpdateCheck = 1000;
				LastUpgradeCheck = 1000;
				TargetAttributes = {
					6B1E5F39217475BF00950DC5 = {
						CreatedOnToolsVersion = 10.0;
					};
					6B1E5F52217475C200950DC5 = {
						CreatedOnToolsVersion = 10.0;
						TestTargetID = 6B1E5F39217475BF00950DC5;
					};
				};
			};
			buildConfigurationList = 6B1E5F35217475BF00950DC5 /* Build configuration list for PBXProject "DataLayer" */;
			compatibilityVersion = "Xcode 9.3";
			developmentRegion = en;
			hasScannedForEncodings = 0;
			knownRegions = (
				en,
				Base,
			);
			mainGroup = 6B1E5F31217475BF00950DC5;
			productRefGroup = 6B1E5F3B217475BF00950DC5 /* Products */;
			projectDirPath = "";
			projectRoot = "";
			targets = (
				6B1E5F39217475BF00950DC5 /* DataLayer */,
				6B1E5F52217475C200950DC5 /* DataLayerTests */,
			);
		};
/* End PBXProject section */

/* Begin PBXResourcesBuildPhase section */
		6B1E5F38217475BF00950DC5 /* Resources */ = {
			isa = PBXResourcesBuildPhase;
			buildActionMask = 2147483647;
			files = (
				6B1E5F4D217475C200950DC5 /* LaunchScreen.storyboard in Resources */,
				6B1E5F4A217475C200950DC5 /* Assets.xcassets in Resources */,
				6B1E5F48217475BF00950DC5 /* Main.storyboard in Resources */,
			);
			runOnlyForDeploymentPostprocessing = 0;
		};
		6B1E5F51217475C200950DC5 /* Resources */ = {
			isa = PBXResourcesBuildPhase;
			buildActionMask = 2147483647;
			files = (
			);
			runOnlyForDeploymentPostprocessing = 0;
		};
/* End PBXResourcesBuildPhase section */

/* Begin PBXSourcesBuildPhase section */
		6B1E5F36217475BF00950DC5 /* Sources */ = {
			isa = PBXSourcesBuildPhase;
			buildActionMask = 2147483647;
			files = (
				6B1E5F3E217475BF00950DC5 /* AppDelegate.swift in Sources */,
				6B00FB7F2177221D00F39536 /* User+UserType.swift in Sources */,
				2889C456217DDA770059F16B /* RealmResultsController.swift in Sources */,
				6B1E5F632174764600950DC5 /* DataLayer.swift in Sources */,
				2889C440217B530C0059F16B /* Storable.swift in Sources */,
				2889C446217B571B0059F16B /* NSManagedObjectContext+StorageContext.swift in Sources */,
				6B1E5F672174773100950DC5 /* Event+EventType.swift in Sources */,
				2889C448217B59090059F16B /* Errors.swift in Sources */,
				2889C452217DDA060059F16B /* ResultsController.swift in Sources */,
				2889C458217DDB940059F16B /* CoreDataResultsController.swift in Sources */,
				2889C442217B53BA0059F16B /* StorageContext.swift in Sources */,
				6B1E5F41217475BF00950DC5 /* DataLayer.xcdatamodeld in Sources */,
				6B1E5F692174787C00950DC5 /* CoreDataDataLayer.swift in Sources */,
				6B00FB7D217721F500F39536 /* UserType.swift in Sources */,
				6B1E5F43217475BF00950DC5 /* MasterViewController.swift in Sources */,
				6B1E5F65217476C500950DC5 /* EventType.swift in Sources */,
				6B1E5F45217475BF00950DC5 /* DetailViewController.swift in Sources */,
			);
			runOnlyForDeploymentPostprocessing = 0;
		};
		6B1E5F4F217475C200950DC5 /* Sources */ = {
			isa = PBXSourcesBuildPhase;
			buildActionMask = 2147483647;
			files = (
				6B1E5F58217475C200950DC5 /* DataLayerTests.swift in Sources */,
			);
			runOnlyForDeploymentPostprocessing = 0;
		};
/* End PBXSourcesBuildPhase section */

/* Begin PBXTargetDependency section */
		6B1E5F55217475C200950DC5 /* PBXTargetDependency */ = {
			isa = PBXTargetDependency;
			target = 6B1E5F39217475BF00950DC5 /* DataLayer */;
			targetProxy = 6B1E5F54217475C200950DC5 /* PBXContainerItemProxy */;
		};
/* End PBXTargetDependency section */

/* Begin PBXVariantGroup section */
		6B1E5F46217475BF00950DC5 /* Main.storyboard */ = {
			isa = PBXVariantGroup;
			children = (
				6B1E5F47217475BF00950DC5 /* Base */,
			);
			name = Main.storyboard;
			sourceTree = "<group>";
		};
		6B1E5F4B217475C200950DC5 /* LaunchScreen.storyboard */ = {
			isa = PBXVariantGroup;
			children = (
				6B1E5F4C217475C200950DC5 /* Base */,
			);
			name = LaunchScreen.storyboard;
			sourceTree = "<group>";
		};
/* End PBXVariantGroup section */

/* Begin XCBuildConfiguration section */
		6B1E5F5A217475C200950DC5 /* Debug */ = {
			isa = XCBuildConfiguration;
			buildSettings = {
				ALWAYS_SEARCH_USER_PATHS = NO;
				CLANG_ANALYZER_NONNULL = YES;
				CLANG_ANALYZER_NUMBER_OBJECT_CONVERSION = YES_AGGRESSIVE;
				CLANG_CXX_LANGUAGE_STANDARD = "gnu++14";
				CLANG_CXX_LIBRARY = "libc++";
				CLANG_ENABLE_MODULES = YES;
				CLANG_ENABLE_OBJC_ARC = YES;
				CLANG_ENABLE_OBJC_WEAK = YES;
				CLANG_WARN_BLOCK_CAPTURE_AUTORELEASING = YES;
				CLANG_WARN_BOOL_CONVERSION = YES;
				CLANG_WARN_COMMA = YES;
				CLANG_WARN_CONSTANT_CONVERSION = YES;
				CLANG_WARN_DEPRECATED_OBJC_IMPLEMENTATIONS = YES;
				CLANG_WARN_DIRECT_OBJC_ISA_USAGE = YES_ERROR;
				CLANG_WARN_DOCUMENTATION_COMMENTS = YES;
				CLANG_WARN_EMPTY_BODY = YES;
				CLANG_WARN_ENUM_CONVERSION = YES;
				CLANG_WARN_INFINITE_RECURSION = YES;
				CLANG_WARN_INT_CONVERSION = YES;
				CLANG_WARN_NON_LITERAL_NULL_CONVERSION = YES;
				CLANG_WARN_OBJC_IMPLICIT_RETAIN_SELF = YES;
				CLANG_WARN_OBJC_LITERAL_CONVERSION = YES;
				CLANG_WARN_OBJC_ROOT_CLASS = YES_ERROR;
				CLANG_WARN_RANGE_LOOP_ANALYSIS = YES;
				CLANG_WARN_STRICT_PROTOTYPES = YES;
				CLANG_WARN_SUSPICIOUS_MOVE = YES;
				CLANG_WARN_UNGUARDED_AVAILABILITY = YES_AGGRESSIVE;
				CLANG_WARN_UNREACHABLE_CODE = YES;
				CLANG_WARN__DUPLICATE_METHOD_MATCH = YES;
				CODE_SIGN_IDENTITY = "iPhone Developer";
				COPY_PHASE_STRIP = NO;
				DEBUG_INFORMATION_FORMAT = dwarf;
				ENABLE_STRICT_OBJC_MSGSEND = YES;
				ENABLE_TESTABILITY = YES;
				GCC_C_LANGUAGE_STANDARD = gnu11;
				GCC_DYNAMIC_NO_PIC = NO;
				GCC_NO_COMMON_BLOCKS = YES;
				GCC_OPTIMIZATION_LEVEL = 0;
				GCC_PREPROCESSOR_DEFINITIONS = (
					"DEBUG=1",
					"$(inherited)",
				);
				GCC_WARN_64_TO_32_BIT_CONVERSION = YES;
				GCC_WARN_ABOUT_RETURN_TYPE = YES_ERROR;
				GCC_WARN_UNDECLARED_SELECTOR = YES;
				GCC_WARN_UNINITIALIZED_AUTOS = YES_AGGRESSIVE;
				GCC_WARN_UNUSED_FUNCTION = YES;
				GCC_WARN_UNUSED_VARIABLE = YES;
				IPHONEOS_DEPLOYMENT_TARGET = 12.0;
				MTL_ENABLE_DEBUG_INFO = INCLUDE_SOURCE;
				MTL_FAST_MATH = YES;
				ONLY_ACTIVE_ARCH = YES;
				SDKROOT = iphoneos;
				SWIFT_ACTIVE_COMPILATION_CONDITIONS = DEBUG;
				SWIFT_OPTIMIZATION_LEVEL = "-Onone";
			};
			name = Debug;
		};
		6B1E5F5B217475C200950DC5 /* Release */ = {
			isa = XCBuildConfiguration;
			buildSettings = {
				ALWAYS_SEARCH_USER_PATHS = NO;
				CLANG_ANALYZER_NONNULL = YES;
				CLANG_ANALYZER_NUMBER_OBJECT_CONVERSION = YES_AGGRESSIVE;
				CLANG_CXX_LANGUAGE_STANDARD = "gnu++14";
				CLANG_CXX_LIBRARY = "libc++";
				CLANG_ENABLE_MODULES = YES;
				CLANG_ENABLE_OBJC_ARC = YES;
				CLANG_ENABLE_OBJC_WEAK = YES;
				CLANG_WARN_BLOCK_CAPTURE_AUTORELEASING = YES;
				CLANG_WARN_BOOL_CONVERSION = YES;
				CLANG_WARN_COMMA = YES;
				CLANG_WARN_CONSTANT_CONVERSION = YES;
				CLANG_WARN_DEPRECATED_OBJC_IMPLEMENTATIONS = YES;
				CLANG_WARN_DIRECT_OBJC_ISA_USAGE = YES_ERROR;
				CLANG_WARN_DOCUMENTATION_COMMENTS = YES;
				CLANG_WARN_EMPTY_BODY = YES;
				CLANG_WARN_ENUM_CONVERSION = YES;
				CLANG_WARN_INFINITE_RECURSION = YES;
				CLANG_WARN_INT_CONVERSION = YES;
				CLANG_WARN_NON_LITERAL_NULL_CONVERSION = YES;
				CLANG_WARN_OBJC_IMPLICIT_RETAIN_SELF = YES;
				CLANG_WARN_OBJC_LITERAL_CONVERSION = YES;
				CLANG_WARN_OBJC_ROOT_CLASS = YES_ERROR;
				CLANG_WARN_RANGE_LOOP_ANALYSIS = YES;
				CLANG_WARN_STRICT_PROTOTYPES = YES;
				CLANG_WARN_SUSPICIOUS_MOVE = YES;
				CLANG_WARN_UNGUARDED_AVAILABILITY = YES_AGGRESSIVE;
				CLANG_WARN_UNREACHABLE_CODE = YES;
				CLANG_WARN__DUPLICATE_METHOD_MATCH = YES;
				CODE_SIGN_IDENTITY = "iPhone Developer";
				COPY_PHASE_STRIP = NO;
				DEBUG_INFORMATION_FORMAT = "dwarf-with-dsym";
				ENABLE_NS_ASSERTIONS = NO;
				ENABLE_STRICT_OBJC_MSGSEND = YES;
				GCC_C_LANGUAGE_STANDARD = gnu11;
				GCC_NO_COMMON_BLOCKS = YES;
				GCC_WARN_64_TO_32_BIT_CONVERSION = YES;
				GCC_WARN_ABOUT_RETURN_TYPE = YES_ERROR;
				GCC_WARN_UNDECLARED_SELECTOR = YES;
				GCC_WARN_UNINITIALIZED_AUTOS = YES_AGGRESSIVE;
				GCC_WARN_UNUSED_FUNCTION = YES;
				GCC_WARN_UNUSED_VARIABLE = YES;
				IPHONEOS_DEPLOYMENT_TARGET = 12.0;
				MTL_ENABLE_DEBUG_INFO = NO;
				MTL_FAST_MATH = YES;
				SDKROOT = iphoneos;
				SWIFT_COMPILATION_MODE = wholemodule;
				SWIFT_OPTIMIZATION_LEVEL = "-O";
				VALIDATE_PRODUCT = YES;
			};
			name = Release;
		};
		6B1E5F5D217475C200950DC5 /* Debug */ = {
			isa = XCBuildConfiguration;
			buildSettings = {
				ASSETCATALOG_COMPILER_APPICON_NAME = AppIcon;
				CODE_SIGN_STYLE = Automatic;
				INFOPLIST_FILE = DataLayer/Info.plist;
				LD_RUNPATH_SEARCH_PATHS = (
					"$(inherited)",
					"@executable_path/Frameworks",
				);
				PRODUCT_BUNDLE_IDENTIFIER = com.test.demo.DataLayer;
				PRODUCT_NAME = "$(TARGET_NAME)";
				SWIFT_VERSION = 4.2;
				TARGETED_DEVICE_FAMILY = "1,2";
			};
			name = Debug;
		};
		6B1E5F5E217475C200950DC5 /* Release */ = {
			isa = XCBuildConfiguration;
			buildSettings = {
				ASSETCATALOG_COMPILER_APPICON_NAME = AppIcon;
				CODE_SIGN_STYLE = Automatic;
				INFOPLIST_FILE = DataLayer/Info.plist;
				LD_RUNPATH_SEARCH_PATHS = (
					"$(inherited)",
					"@executable_path/Frameworks",
				);
				PRODUCT_BUNDLE_IDENTIFIER = com.test.demo.DataLayer;
				PRODUCT_NAME = "$(TARGET_NAME)";
				SWIFT_VERSION = 4.2;
				TARGETED_DEVICE_FAMILY = "1,2";
			};
			name = Release;
		};
		6B1E5F60217475C200950DC5 /* Debug */ = {
			isa = XCBuildConfiguration;
			buildSettings = {
				ALWAYS_EMBED_SWIFT_STANDARD_LIBRARIES = YES;
				BUNDLE_LOADER = "$(TEST_HOST)";
				CODE_SIGN_STYLE = Automatic;
				INFOPLIST_FILE = DataLayerTests/Info.plist;
				LD_RUNPATH_SEARCH_PATHS = (
					"$(inherited)",
					"@executable_path/Frameworks",
					"@loader_path/Frameworks",
				);
				PRODUCT_BUNDLE_IDENTIFIER = com.test.demo.DataLayerTests;
				PRODUCT_NAME = "$(TARGET_NAME)";
				SWIFT_VERSION = 4.2;
				TARGETED_DEVICE_FAMILY = "1,2";
				TEST_HOST = "$(BUILT_PRODUCTS_DIR)/DataLayer.app/DataLayer";
			};
			name = Debug;
		};
		6B1E5F61217475C200950DC5 /* Release */ = {
			isa = XCBuildConfiguration;
			buildSettings = {
				ALWAYS_EMBED_SWIFT_STANDARD_LIBRARIES = YES;
				BUNDLE_LOADER = "$(TEST_HOST)";
				CODE_SIGN_STYLE = Automatic;
				INFOPLIST_FILE = DataLayerTests/Info.plist;
				LD_RUNPATH_SEARCH_PATHS = (
					"$(inherited)",
					"@executable_path/Frameworks",
					"@loader_path/Frameworks",
				);
				PRODUCT_BUNDLE_IDENTIFIER = com.test.demo.DataLayerTests;
				PRODUCT_NAME = "$(TARGET_NAME)";
				SWIFT_VERSION = 4.2;
				TARGETED_DEVICE_FAMILY = "1,2";
				TEST_HOST = "$(BUILT_PRODUCTS_DIR)/DataLayer.app/DataLayer";
			};
			name = Release;
		};
/* End XCBuildConfiguration section */

/* Begin XCConfigurationList section */
		6B1E5F35217475BF00950DC5 /* Build configuration list for PBXProject "DataLayer" */ = {
			isa = XCConfigurationList;
			buildConfigurations = (
				6B1E5F5A217475C200950DC5 /* Debug */,
				6B1E5F5B217475C200950DC5 /* Release */,
			);
			defaultConfigurationIsVisible = 0;
			defaultConfigurationName = Release;
		};
		6B1E5F5C217475C200950DC5 /* Build configuration list for PBXNativeTarget "DataLayer" */ = {
			isa = XCConfigurationList;
			buildConfigurations = (
				6B1E5F5D217475C200950DC5 /* Debug */,
				6B1E5F5E217475C200950DC5 /* Release */,
			);
			defaultConfigurationIsVisible = 0;
			defaultConfigurationName = Release;
		};
		6B1E5F5F217475C200950DC5 /* Build configuration list for PBXNativeTarget "DataLayerTests" */ = {
			isa = XCConfigurationList;
			buildConfigurations = (
				6B1E5F60217475C200950DC5 /* Debug */,
				6B1E5F61217475C200950DC5 /* Release */,
			);
			defaultConfigurationIsVisible = 0;
			defaultConfigurationName = Release;
		};
/* End XCConfigurationList section */

/* Begin XCVersionGroup section */
		6B1E5F3F217475BF00950DC5 /* DataLayer.xcdatamodeld */ = {
			isa = XCVersionGroup;
			children = (
				6B0F55752178E0ED00CCDF5D /* DataLayer 3.xcdatamodel */,
				6B4C74BC21771D1400198A73 /* DataLayer 2.xcdatamodel */,
				6B1E5F40217475BF00950DC5 /* DataLayer.xcdatamodel */,
			);
			currentVersion = 6B0F55752178E0ED00CCDF5D /* DataLayer 3.xcdatamodel */;
			path = DataLayer.xcdatamodeld;
			sourceTree = "<group>";
			versionGroupType = wrapper.xcdatamodel;
		};
/* End XCVersionGroup section */
	};
	rootObject = 6B1E5F32217475BF00950DC5 /* Project object */;
}
